
Microsoft Visual Studio Solution File, Format Version 12.00
# Visual Studio Version 16
VisualStudioVersion = 16.0.31729.503
MinimumVisualStudioVersion = 10.0.40219.1
Project("{FAE04EC0-301F-11D3-BF4B-00C04F79EFBC}") = "positive", "positive\positive.csproj", "{554EE632-7582-47AC-BBAA-6796F8F6244A}"
EndProject
Global
	GlobalSection(SolutionConfigurationPlatforms) = preSolution
		Debug|Any CPU = Debug|Any CPU
		Release|Any CPU = Release|Any CPU
	EndGlobalSection
	GlobalSection(ProjectConfigurationPlatforms) = postSolution
		{554EE632-7582-47AC-BBAA-6796F8F6244A}.Debug|Any CPU.ActiveCfg = Debug|Any CPU
		{554EE632-7582-47AC-BBAA-6796F8F6244A}.Debug|Any CPU.Build.0 = Debug|Any CPU
		{554EE632-7582-47AC-BBAA-6796F8F6244A}.Release|Any CPU.ActiveCfg = Release|Any CPU
		{554EE632-7582-47AC-BBAA-6796F8F6244A}.Release|Any CPU.Build.0 = Release|Any CPU
	EndGlobalSection
	GlobalSection(SolutionProperties) = preSolution
		HideSolutionNode = FALSE
	EndGlobalSection
	GlobalSection(ExtensibilityGlobals) = postSolution
		SolutionGuid = {A5BBFFC5-A81A-4FCE-875E-101E7CBD9637}
	EndGlobalSection
EndGlobal
